
Microsoft Visual Studio Solution File, Format Version 12.00
# Visual Studio Version 16
VisualStudioVersion = 16.0.31410.357
MinimumVisualStudioVersion = 10.0.40219.1
Project("{6EC3EE1D-3C4E-46DD-8F32-0CC8E7565705}") = "Generator", "Generator\Generator.fsproj", "{56BD950C-D2E9-44DC-AB16-9DA807202A3E}"
EndProject
Project("{2150E333-8FDC-42A3-9474-1A3956D46DE8}") = "Solution Items", "Solution Items", "{DA640977-510A-49AD-BE5F-7CAB0CB2FE75}"
	ProjectSection(SolutionItems) = preProject
		Markdown\Index.md = Markdown\Index.md
		Markdown\Intervals.md = Markdown\Intervals.md
		Markdown\SineWaves.md = Markdown\SineWaves.md
	EndProjectSection
EndProject
Global
	GlobalSection(SolutionConfigurationPlatforms) = preSolution
		Debug|Any CPU = Debug|Any CPU
		Release|Any CPU = Release|Any CPU
	EndGlobalSection
	GlobalSection(ProjectConfigurationPlatforms) = postSolution
		{56BD950C-D2E9-44DC-AB16-9DA807202A3E}.Debug|Any CPU.ActiveCfg = Debug|Any CPU
		{56BD950C-D2E9-44DC-AB16-9DA807202A3E}.Debug|Any CPU.Build.0 = Debug|Any CPU
		{56BD950C-D2E9-44DC-AB16-9DA807202A3E}.Release|Any CPU.ActiveCfg = Release|Any CPU
		{56BD950C-D2E9-44DC-AB16-9DA807202A3E}.Release|Any CPU.Build.0 = Release|Any CPU
	EndGlobalSection
	GlobalSection(SolutionProperties) = preSolution
		HideSolutionNode = FALSE
	EndGlobalSection
	GlobalSection(ExtensibilityGlobals) = postSolution
		SolutionGuid = {F5CB76A7-ED20-41A4-89B5-C9EBD423E1FC}
	EndGlobalSection
EndGlobal
